
Microsoft Visual Studio Solution File, Format Version 12.00
# Visual Studio Version 17
VisualStudioVersion = 17.5.33516.290
MinimumVisualStudioVersion = 10.0.40219.1
Project("{FAE04EC0-301F-11D3-BF4B-00C04F79EFBC}") = "CreandoVariables", "CreandoVariables.csproj", "{7F35DA25-6573-4849-B400-7C3B16DF01A5}"
EndProject
Global
	GlobalSection(SolutionConfigurationPlatforms) = preSolution
		Debug|Any CPU = Debug|Any CPU
		Release|Any CPU = Release|Any CPU
	EndGlobalSection
	GlobalSection(ProjectConfigurationPlatforms) = postSolution
		{7F35DA25-6573-4849-B400-7C3B16DF01A5}.Debug|Any CPU.ActiveCfg = Debug|Any CPU
		{7F35DA25-6573-4849-B400-7C3B16DF01A5}.Debug|Any CPU.Build.0 = Debug|Any CPU
		{7F35DA25-6573-4849-B400-7C3B16DF01A5}.Release|Any CPU.ActiveCfg = Release|Any CPU
		{7F35DA25-6573-4849-B400-7C3B16DF01A5}.Release|Any CPU.Build.0 = Release|Any CPU
	EndGlobalSection
	GlobalSection(SolutionProperties) = preSolution
		HideSolutionNode = FALSE
	EndGlobalSection
	GlobalSection(ExtensibilityGlobals) = postSolution
		SolutionGuid = {3389F5BC-F4A5-4CF4-B137-66B2B9B94EA6}
	EndGlobalSection
EndGlobal
